// !$*UTF8*$!
{
	archiveVersion = 1;
	classes = {
	};
	objectVersion = 77;
	objects = {

/* Begin PBXBuildFile section */
		11D658C8300BA9F7009F4662 /* PresetStore.swift in Sources */ = {isa = PBXBuildFile; fileRef = 11D658C4300BA9F7009F4662 /* PresetStore.swift */; };
		11D658C9300BA9F7009F4662 /* TremoloProcessorAudioKitScaffold.swift in Sources */ = {isa = PBXBuildFile; fileRef = 11D658B9300BA9F7009F4662 /* TremoloProcessorAudioKitScaffold.swift */; };
		11D658CA300BA9F7009F4662 /* LiveMonitorEngine.swift in Sources */ = {isa = PBXBuildFile; fileRef = 11D658BC300BA9F7009F4662 /* LiveMonitorEngine.swift */; };
		11D658CB300BA9F7009F4662 /* ReverbProcessor.swift in Sources */ = {isa = PBXBuildFile; fileRef = 11D658B6300BA9F7009F4662 /* ReverbProcessor.swift */; };
		11D658CC300BA9F7009F4662 /* EffectPreset.swift in Sources */ = {isa = PBXBuildFile; fileRef = 11D658BE300BA9F7009F4662 /* EffectPreset.swift */; };
		11D658CD300BA9F7009F4662 /* TremoloBackend.swift in Sources */ = {isa = PBXBuildFile; fileRef = 11D658B7300BA9F7009F4662 /* TremoloBackend.swift */; };
		11D658CE300BA9F7009F4662 /* ReverbToolApp.swift in Sources */ = {isa = PBXBuildFile; fileRef = 11D658B4300BA9F7009F4662 /* ReverbToolApp.swift */; };
		11D658CF300BA9F7009F4662 /* MonitorViewModel.swift in Sources */ = {isa = PBXBuildFile; fileRef = 11D658C2300BA9F7009F4662 /* MonitorViewModel.swift */; };
		11D658D0300BA9F7009F4662 /* AudioSessionController.swift in Sources */ = {isa = PBXBuildFile; fileRef = 11D658BB300BA9F7009F4662 /* AudioSessionController.swift */; };
		11D658D1300BA9F7009F4662 /* TremoloProcessor.swift in Sources */ = {isa = PBXBuildFile; fileRef = 11D658B8300BA9F7009F4662 /* TremoloProcessor.swift */; };
		11D658D2300BA9F7009F4662 /* MonitorView.swift in Sources */ = {isa = PBXBuildFile; fileRef = 11D658C1300BA9F7009F4662 /* MonitorView.swift */; };
/* End PBXBuildFile section */

/* Begin PBXContainerItemProxy section */
		11AA563E300BA72100382091 /* PBXContainerItemProxy */ = {
			isa = PBXContainerItemProxy;
			containerPortal = 11AA5628300BA72000382091 /* Project object */;
			proxyType = 1;
			remoteGlobalIDString = 11AA562F300BA72000382091;
			remoteInfo = reverb_tool;
		};
		11AA5648300BA72100382091 /* PBXContainerItemProxy */ = {
			isa = PBXContainerItemProxy;
			containerPortal = 11AA5628300BA72000382091 /* Project object */;
			proxyType = 1;
			remoteGlobalIDString = 11AA562F300BA72000382091;
			remoteInfo = reverb_tool;
		};
/* End PBXContainerItemProxy section */

/* Begin PBXFileReference section */
		11AA5630300BA72000382091 /* reverb_tool.app */ = {isa = PBXFileReference; explicitFileType = wrapper.application; includeInIndex = 0; path = reverb_tool.app; sourceTree = BUILT_PRODUCTS_DIR; };
		11AA563D300BA72100382091 /* reverb_toolTests.xctest */ = {isa = PBXFileReference; explicitFileType = wrapper.cfbundle; includeInIndex = 0; path = reverb_toolTests.xctest; sourceTree = BUILT_PRODUCTS_DIR; };
		11AA5647300BA72100382091 /* reverb_toolUITests.xctest */ = {isa = PBXFileReference; explicitFileType = wrapper.cfbundle; includeInIndex = 0; path = reverb_toolUITests.xctest; sourceTree = BUILT_PRODUCTS_DIR; };
		11D658B4300BA9F7009F4662 /* ReverbToolApp.swift */ = {isa = PBXFileReference; lastKnownFileType = sourcecode.swift; path = App/ReverbToolApp.swift; sourceTree = "<group>"; };
		11D658B6300BA9F7009F4662 /* ReverbProcessor.swift */ = {isa = PBXFileReference; lastKnownFileType = sourcecode.swift; path = Audio/Effects/ReverbProcessor.swift; sourceTree = "<group>"; };
		11D658B7300BA9F7009F4662 /* TremoloBackend.swift */ = {isa = PBXFileReference; lastKnownFileType = sourcecode.swift; path = Audio/Effects/TremoloBackend.swift; sourceTree = "<group>"; };
		11D658B8300BA9F7009F4662 /* TremoloProcessor.swift */ = {isa = PBXFileReference; lastKnownFileType = sourcecode.swift; path = Audio/Effects/TremoloProcessor.swift; sourceTree = "<group>"; };
		11D658B9300BA9F7009F4662 /* TremoloProcessorAudioKitScaffold.swift */ = {isa = PBXFileReference; lastKnownFileType = sourcecode.swift; path = Audio/Effects/TremoloProcessorAudioKitScaffold.swift; sourceTree = "<group>"; };
		11D658BB300BA9F7009F4662 /* AudioSessionController.swift */ = {isa = PBXFileReference; lastKnownFileType = sourcecode.swift; path = Audio/AudioSessionController.swift; sourceTree = "<group>"; };
		11D658BC300BA9F7009F4662 /* LiveMonitorEngine.swift */ = {isa = PBXFileReference; lastKnownFileType = sourcecode.swift; path = Audio/LiveMonitorEngine.swift; sourceTree = "<group>"; };
		11D658BE300BA9F7009F4662 /* EffectPreset.swift */ = {isa = PBXFileReference; lastKnownFileType = sourcecode.swift; path = Core/Models/EffectPreset.swift; sourceTree = "<group>"; };
		11D658C1300BA9F7009F4662 /* MonitorView.swift */ = {isa = PBXFileReference; lastKnownFileType = sourcecode.swift; path = Features/Monitor/MonitorView.swift; sourceTree = "<group>"; };
		11D658C2300BA9F7009F4662 /* MonitorViewModel.swift */ = {isa = PBXFileReference; lastKnownFileType = sourcecode.swift; path = Features/Monitor/MonitorViewModel.swift; sourceTree = "<group>"; };
		11D658C4300BA9F7009F4662 /* PresetStore.swift */ = {isa = PBXFileReference; lastKnownFileType = sourcecode.swift; path = Features/Presets/PresetStore.swift; sourceTree = "<group>"; };
/* End PBXFileReference section */

/* Begin PBXFileSystemSynchronizedRootGroup section */
		11AA5632300BA72000382091 /* reverb_tool */ = {
			isa = PBXFileSystemSynchronizedRootGroup;
			path = reverb_tool;
			sourceTree = "<group>";
		};
		11AA5640300BA72100382091 /* reverb_toolTests */ = {
			isa = PBXFileSystemSynchronizedRootGroup;
			path = reverb_toolTests;
			sourceTree = "<group>";
		};
		11AA564A300BA72100382091 /* reverb_toolUITests */ = {
			isa = PBXFileSystemSynchronizedRootGroup;
			path = reverb_toolUITests;
			sourceTree = "<group>";
		};
/* End PBXFileSystemSynchronizedRootGroup section */

/* Begin PBXFrameworksBuildPhase section */
		11AA562D300BA72000382091 /* Frameworks */ = {
			isa = PBXFrameworksBuildPhase;
			buildActionMask = 2147483647;
			files = (
			);
			runOnlyForDeploymentPostprocessing = 0;
		};
		11AA563A300BA72100382091 /* Frameworks */ = {
			isa = PBXFrameworksBuildPhase;
			buildActionMask = 2147483647;
			files = (
			);
			runOnlyForDeploymentPostprocessing = 0;
		};
		11AA5644300BA72100382091 /* Frameworks */ = {
			isa = PBXFrameworksBuildPhase;
			buildActionMask = 2147483647;
			files = (
			);
			runOnlyForDeploymentPostprocessing = 0;
		};
/* End PBXFrameworksBuildPhase section */

/* Begin PBXGroup section */
		11AA5627300BA72000382091 = {
			isa = PBXGroup;
			children = (
				11AA5632300BA72000382091 /* reverb_tool */,
				11AA5640300BA72100382091 /* reverb_toolTests */,
				11AA564A300BA72100382091 /* reverb_toolUITests */,
				11AA5631300BA72000382091 /* Products */,
			);
			sourceTree = "<group>";
		};
		11AA5631300BA72000382091 /* Products */ = {
			isa = PBXGroup;
			children = (
				11AA5630300BA72000382091 /* reverb_tool.app */,
				11AA563D300BA72100382091 /* reverb_toolTests.xctest */,
				11AA5647300BA72100382091 /* reverb_toolUITests.xctest */,
			);
			name = Products;
			sourceTree = "<group>";
		};
		11D658BA300BA9F7009F4662 /* Effects */ = {
			isa = PBXGroup;
			children = (
				11D658B6300BA9F7009F4662 /* ReverbProcessor.swift */,
				11D658B7300BA9F7009F4662 /* TremoloBackend.swift */,
				11D658B8300BA9F7009F4662 /* TremoloProcessor.swift */,
				11D658B9300BA9F7009F4662 /* TremoloProcessorAudioKitScaffold.swift */,
			);
			path = Effects;
			sourceTree = "<group>";
		};
		11D658BF300BA9F7009F4662 /* Models */ = {
			isa = PBXGroup;
			children = (
				11D658BE300BA9F7009F4662 /* EffectPreset.swift */,
			);
			path = Models;
			sourceTree = "<group>";
		};
		11D658C3300BA9F7009F4662 /* Monitor */ = {
			isa = PBXGroup;
			children = (
				11D658C1300BA9F7009F4662 /* MonitorView.swift */,
				11D658C2300BA9F7009F4662 /* MonitorViewModel.swift */,
			);
			path = Monitor;
			sourceTree = "<group>";
		};
		11D658C5300BA9F7009F4662 /* Presets */ = {
			isa = PBXGroup;
			children = (
				11D658C4300BA9F7009F4662 /* PresetStore.swift */,
			);
			path = Presets;
			sourceTree = "<group>";
		};
/* End PBXGroup section */

/* Begin PBXNativeTarget section */
		11AA562F300BA72000382091 /* reverb_tool */ = {
			isa = PBXNativeTarget;
			buildConfigurationList = 11AA5651300BA72100382091 /* Build configuration list for PBXNativeTarget "reverb_tool" */;
			buildPhases = (
				11AA562C300BA72000382091 /* Sources */,
				11AA562D300BA72000382091 /* Frameworks */,
				11AA562E300BA72000382091 /* Resources */,
			);
			buildRules = (
			);
			dependencies = (
			);
			fileSystemSynchronizedGroups = (
				11AA5632300BA72000382091 /* reverb_tool */,
			);
			name = reverb_tool;
			packageProductDependencies = (
			);
			productName = reverb_tool;
			productReference = 11AA5630300BA72000382091 /* reverb_tool.app */;
			productType = "com.apple.product-type.application";
		};
		11AA563C300BA72100382091 /* reverb_toolTests */ = {
			isa = PBXNativeTarget;
			buildConfigurationList = 11AA5654300BA72100382091 /* Build configuration list for PBXNativeTarget "reverb_toolTests" */;
			buildPhases = (
				11AA5639300BA72100382091 /* Sources */,
				11AA563A300BA72100382091 /* Frameworks */,
				11AA563B300BA72100382091 /* Resources */,
			);
			buildRules = (
			);
			dependencies = (
				11AA563F300BA72100382091 /* PBXTargetDependency */,
			);
			fileSystemSynchronizedGroups = (
				11AA5640300BA72100382091 /* reverb_toolTests */,
			);
			name = reverb_toolTests;
			packageProductDependencies = (
			);
			productName = reverb_toolTests;
			productReference = 11AA563D300BA72100382091 /* reverb_toolTests.xctest */;
			productType = "com.apple.product-type.bundle.unit-test";
		};
		11AA5646300BA72100382091 /* reverb_toolUITests */ = {
			isa = PBXNativeTarget;
			buildConfigurationList = 11AA5657300BA72100382091 /* Build configuration list for PBXNativeTarget "reverb_toolUITests" */;
			buildPhases = (
				11AA5643300BA72100382091 /* Sources */,
				11AA5644300BA72100382091 /* Frameworks */,
				11AA5645300BA72100382091 /* Resources */,
			);
			buildRules = (
			);
			dependencies = (
				11AA5649300BA72100382091 /* PBXTargetDependency */,
			);
			fileSystemSynchronizedGroups = (
				11AA564A300BA72100382091 /* reverb_toolUITests */,
			);
			name = reverb_toolUITests;
			packageProductDependencies = (
			);
			productName = reverb_toolUITests;
			productReference = 11AA5647300BA72100382091 /* reverb_toolUITests.xctest */;
			productType = "com.apple.product-type.bundle.ui-testing";
		};
/* End PBXNativeTarget section */

/* Begin PBXProject section */
		11AA5628300BA72000382091 /* Project object */ = {
			isa = PBXProject;
			attributes = {
				BuildIndependentTargetsInParallel = 1;
				LastSwiftUpdateCheck = 1630;
				LastUpgradeCheck = 1630;
				TargetAttributes = {
					11AA562F300BA72000382091 = {
						CreatedOnToolsVersion = 16.3;
					};
					11AA563C300BA72100382091 = {
						CreatedOnToolsVersion = 16.3;
						TestTargetID = 11AA562F300BA72000382091;
					};
					11AA5646300BA72100382091 = {
						CreatedOnToolsVersion = 16.3;
						TestTargetID = 11AA562F300BA72000382091;
					};
				};
			};
			buildConfigurationList = 11AA562B300BA72000382091 /* Build configuration list for PBXProject "reverb_tool" */;
			developmentRegion = en;
			hasScannedForEncodings = 0;
			knownRegions = (
				en,
				Base,
			);
			mainGroup = 11AA5627300BA72000382091;
			minimizedProjectReferenceProxies = 1;
			preferredProjectObjectVersion = 77;
			productRefGroup = 11AA5631300BA72000382091 /* Products */;
			projectDirPath = "";
			projectRoot = "";
			targets = (
				11AA562F300BA72000382091 /* reverb_tool */,
				11AA563C300BA72100382091 /* reverb_toolTests */,
				11AA5646300BA72100382091 /* reverb_toolUITests */,
			);
		};
/* End PBXProject section */

/* Begin PBXResourcesBuildPhase section */
		11AA562E300BA72000382091 /* Resources */ = {
			isa = PBXResourcesBuildPhase;
			buildActionMask = 2147483647;
			files = (
			);
			runOnlyForDeploymentPostprocessing = 0;
		};
		11AA563B300BA72100382091 /* Resources */ = {
			isa = PBXResourcesBuildPhase;
			buildActionMask = 2147483647;
			files = (
			);
			runOnlyForDeploymentPostprocessing = 0;
		};
		11AA5645300BA72100382091 /* Resources */ = {
			isa = PBXResourcesBuildPhase;
			buildActionMask = 2147483647;
			files = (
			);
			runOnlyForDeploymentPostprocessing = 0;
		};
/* End PBXResourcesBuildPhase section */

/* Begin PBXSourcesBuildPhase section */
		11AA562C300BA72000382091 /* Sources */ = {
			isa = PBXSourcesBuildPhase;
			buildActionMask = 2147483647;
			files = (
				11D658C8300BA9F7009F4662 /* PresetStore.swift in Sources */,
				11D658C9300BA9F7009F4662 /* TremoloProcessorAudioKitScaffold.swift in Sources */,
				11D658CA300BA9F7009F4662 /* LiveMonitorEngine.swift in Sources */,
				11D658CB300BA9F7009F4662 /* ReverbProcessor.swift in Sources */,
				11D658CC300BA9F7009F4662 /* EffectPreset.swift in Sources */,
				11D658CD300BA9F7009F4662 /* TremoloBackend.swift in Sources */,
				11D658CE300BA9F7009F4662 /* ReverbToolApp.swift in Sources */,
				11D658CF300BA9F7009F4662 /* MonitorViewModel.swift in Sources */,
				11D658D0300BA9F7009F4662 /* AudioSessionController.swift in Sources */,
				11D658D1300BA9F7009F4662 /* TremoloProcessor.swift in Sources */,
				11D658D2300BA9F7009F4662 /* MonitorView.swift in Sources */,
			);
			runOnlyForDeploymentPostprocessing = 0;
		};
		11AA5639300BA72100382091 /* Sources */ = {
			isa = PBXSourcesBuildPhase;
			buildActionMask = 2147483647;
			files = (
			);
			runOnlyForDeploymentPostprocessing = 0;
		};
		11AA5643300BA72100382091 /* Sources */ = {
			isa = PBXSourcesBuildPhase;
			buildActionMask = 2147483647;
			files = (
			);
			runOnlyForDeploymentPostprocessing = 0;
		};
/* End PBXSourcesBuildPhase section */

/* Begin PBXTargetDependency section */
		11AA563F300BA72100382091 /* PBXTargetDependency */ = {
			isa = PBXTargetDependency;
			target = 11AA562F300BA72000382091 /* reverb_tool */;
			targetProxy = 11AA563E300BA72100382091 /* PBXContainerItemProxy */;
		};
		11AA5649300BA72100382091 /* PBXTargetDependency */ = {
			isa = PBXTargetDependency;
			target = 11AA562F300BA72000382091 /* reverb_tool */;
			targetProxy = 11AA5648300BA72100382091 /* PBXContainerItemProxy */;
		};
/* End PBXTargetDependency section */

/* Begin XCBuildConfiguration section */
		11AA564F300BA72100382091 /* Debug */ = {
			isa = XCBuildConfiguration;
			buildSettings = {
				ALWAYS_SEARCH_USER_PATHS = NO;
				ASSETCATALOG_COMPILER_GENERATE_SWIFT_ASSET_SYMBOL_EXTENSIONS = YES;
				CLANG_ANALYZER_NONNULL = YES;
				CLANG_ANALYZER_NUMBER_OBJECT_CONVERSION = YES_AGGRESSIVE;
				CLANG_CXX_LANGUAGE_STANDARD = "gnu++20";
				CLANG_ENABLE_MODULES = YES;
				CLANG_ENABLE_OBJC_ARC = YES;
				CLANG_ENABLE_OBJC_WEAK = YES;
				CLANG_WARN_BLOCK_CAPTURE_AUTORELEASING = YES;
				CLANG_WARN_BOOL_CONVERSION = YES;
				CLANG_WARN_COMMA = YES;
				CLANG_WARN_CONSTANT_CONVERSION = YES;
				CLANG_WARN_DEPRECATED_OBJC_IMPLEMENTATIONS = YES;
				CLANG_WARN_DIRECT_OBJC_ISA_USAGE = YES_ERROR;
				CLANG_WARN_DOCUMENTATION_COMMENTS = YES;
				CLANG_WARN_EMPTY_BODY = YES;
				CLANG_WARN_ENUM_CONVERSION = YES;
				CLANG_WARN_INFINITE_RECURSION = YES;
				CLANG_WARN_INT_CONVERSION = YES;
				CLANG_WARN_NON_LITERAL_NULL_CONVERSION = YES;
				CLANG_WARN_OBJC_IMPLICIT_RETAIN_SELF = YES;
				CLANG_WARN_OBJC_LITERAL_CONVERSION = YES;
				CLANG_WARN_OBJC_ROOT_CLASS = YES_ERROR;
				CLANG_WARN_QUOTED_INCLUDE_IN_FRAMEWORK_HEADER = YES;
				CLANG_WARN_RANGE_LOOP_ANALYSIS = YES;
				CLANG_WARN_STRICT_PROTOTYPES = YES;
				CLANG_WARN_SUSPICIOUS_MOVE = YES;
				CLANG_WARN_UNGUARDED_AVAILABILITY = YES_AGGRESSIVE;
				CLANG_WARN_UNREACHABLE_CODE = YES;
				CLANG_WARN__DUPLICATE_METHOD_MATCH = YES;
				COPY_PHASE_STRIP = NO;
				DEBUG_INFORMATION_FORMAT = dwarf;
				ENABLE_STRICT_OBJC_MSGSEND = YES;
				ENABLE_TESTABILITY = YES;
				ENABLE_USER_SCRIPT_SANDBOXING = YES;
				GCC_C_LANGUAGE_STANDARD = gnu17;
				GCC_DYNAMIC_NO_PIC = NO;
				GCC_NO_COMMON_BLOCKS = YES;
				GCC_OPTIMIZATION_LEVEL = 0;
				GCC_PREPROCESSOR_DEFINITIONS = (
					"DEBUG=1",
					"$(inherited)",
				);
				GCC_WARN_64_TO_32_BIT_CONVERSION = YES;
				GCC_WARN_ABOUT_RETURN_TYPE = YES_ERROR;
				GCC_WARN_UNDECLARED_SELECTOR = YES;
				GCC_WARN_UNINITIALIZED_AUTOS = YES_AGGRESSIVE;
				GCC_WARN_UNUSED_FUNCTION = YES;
				GCC_WARN_UNUSED_VARIABLE = YES;
				IPHONEOS_DEPLOYMENT_TARGET = 18.4;
				LOCALIZATION_PREFERS_STRING_CATALOGS = YES;
				MTL_ENABLE_DEBUG_INFO = INCLUDE_SOURCE;
				MTL_FAST_MATH = YES;
				ONLY_ACTIVE_ARCH = YES;
				SDKROOT = iphoneos;
				SWIFT_ACTIVE_COMPILATION_CONDITIONS = "DEBUG $(inherited)";
				SWIFT_OPTIMIZATION_LEVEL = "-Onone";
			};
			name = Debug;
		};
		11AA5650300BA72100382091 /* Release */ = {
			isa = XCBuildConfiguration;
			buildSettings = {
				ALWAYS_SEARCH_USER_PATHS = NO;
				ASSETCATALOG_COMPILER_GENERATE_SWIFT_ASSET_SYMBOL_EXTENSIONS = YES;
				CLANG_ANALYZER_NONNULL = YES;
				CLANG_ANALYZER_NUMBER_OBJECT_CONVERSION = YES_AGGRESSIVE;
				CLANG_CXX_LANGUAGE_STANDARD = "gnu++20";
				CLANG_ENABLE_MODULES = YES;
				CLANG_ENABLE_OBJC_ARC = YES;
				CLANG_ENABLE_OBJC_WEAK = YES;
				CLANG_WARN_BLOCK_CAPTURE_AUTORELEASING = YES;
				CLANG_WARN_BOOL_CONVERSION = YES;
				CLANG_WARN_COMMA = YES;
				CLANG_WARN_CONSTANT_CONVERSION = YES;
				CLANG_WARN_DEPRECATED_OBJC_IMPLEMENTATIONS = YES;
				CLANG_WARN_DIRECT_OBJC_ISA_USAGE = YES_ERROR;
				CLANG_WARN_DOCUMENTATION_COMMENTS = YES;
				CLANG_WARN_EMPTY_BODY = YES;
				CLANG_WARN_ENUM_CONVERSION = YES;
				CLANG_WARN_INFINITE_RECURSION = YES;
				CLANG_WARN_INT_CONVERSION = YES;
				CLANG_WARN_NON_LITERAL_NULL_CONVERSION = YES;
				CLANG_WARN_OBJC_IMPLICIT_RETAIN_SELF = YES;
				CLANG_WARN_OBJC_LITERAL_CONVERSION = YES;
				CLANG_WARN_OBJC_ROOT_CLASS = YES_ERROR;
				CLANG_WARN_QUOTED_INCLUDE_IN_FRAMEWORK_HEADER = YES;
				CLANG_WARN_RANGE_LOOP_ANALYSIS = YES;
				CLANG_WARN_STRICT_PROTOTYPES = YES;
				CLANG_WARN_SUSPICIOUS_MOVE = YES;
				CLANG_WARN_UNGUARDED_AVAILABILITY = YES_AGGRESSIVE;
				CLANG_WARN_UNREACHABLE_CODE = YES;
				CLANG_WARN__DUPLICATE_METHOD_MATCH = YES;
				COPY_PHASE_STRIP = NO;
				DEBUG_INFORMATION_FORMAT = "dwarf-with-dsym";
				ENABLE_NS_ASSERTIONS = NO;
				ENABLE_STRICT_OBJC_MSGSEND = YES;
				ENABLE_USER_SCRIPT_SANDBOXING = YES;
				GCC_C_LANGUAGE_STANDARD = gnu17;
				GCC_NO_COMMON_BLOCKS = YES;
				GCC_WARN_64_TO_32_BIT_CONVERSION = YES;
				GCC_WARN_ABOUT_RETURN_TYPE = YES_ERROR;
				GCC_WARN_UNDECLARED_SELECTOR = YES;
				GCC_WARN_UNINITIALIZED_AUTOS = YES_AGGRESSIVE;
				GCC_WARN_UNUSED_FUNCTION = YES;
				GCC_WARN_UNUSED_VARIABLE = YES;
				IPHONEOS_DEPLOYMENT_TARGET = 18.4;
				LOCALIZATION_PREFERS_STRING_CATALOGS = YES;
				MTL_ENABLE_DEBUG_INFO = NO;
				MTL_FAST_MATH = YES;
				SDKROOT = iphoneos;
				SWIFT_COMPILATION_MODE = wholemodule;
				VALIDATE_PRODUCT = YES;
			};
			name = Release;
		};
		11AA5652300BA72100382091 /* Debug */ = {
			isa = XCBuildConfiguration;
			buildSettings = {
				ASSETCATALOG_COMPILER_APPICON_NAME = AppIcon;
				ASSETCATALOG_COMPILER_GLOBAL_ACCENT_COLOR_NAME = AccentColor;
				CODE_SIGN_STYLE = Automatic;
				CURRENT_PROJECT_VERSION = 1;
				ENABLE_PREVIEWS = YES;
				GENERATE_INFOPLIST_FILE = YES;
				INFOPLIST_KEY_UIApplicationSceneManifest_Generation = YES;
				INFOPLIST_KEY_UIApplicationSupportsIndirectInputEvents = YES;
				INFOPLIST_KEY_UILaunchScreen_Generation = YES;
				INFOPLIST_KEY_UISupportedInterfaceOrientations_iPad = "UIInterfaceOrientationPortrait UIInterfaceOrientationPortraitUpsideDown UIInterfaceOrientationLandscapeLeft UIInterfaceOrientationLandscapeRight";
				INFOPLIST_KEY_UISupportedInterfaceOrientations_iPhone = "UIInterfaceOrientationPortrait UIInterfaceOrientationLandscapeLeft UIInterfaceOrientationLandscapeRight";
				LD_RUNPATH_SEARCH_PATHS = (
					"$(inherited)",
					"@executable_path/Frameworks",
				);
				MARKETING_VERSION = 1.0;
				PRODUCT_BUNDLE_IDENTIFIER = "a.reverb-tool";
				PRODUCT_NAME = "$(TARGET_NAME)";
				SWIFT_EMIT_LOC_STRINGS = YES;
				SWIFT_VERSION = 5.0;
				TARGETED_DEVICE_FAMILY = "1,2";
			};
			name = Debug;
		};
		11AA5653300BA72100382091 /* Release */ = {
			isa = XCBuildConfiguration;
			buildSettings = {
				ASSETCATALOG_COMPILER_APPICON_NAME = AppIcon;
				ASSETCATALOG_COMPILER_GLOBAL_ACCENT_COLOR_NAME = AccentColor;
				CODE_SIGN_STYLE = Automatic;
				CURRENT_PROJECT_VERSION = 1;
				ENABLE_PREVIEWS = YES;
				GENERATE_INFOPLIST_FILE = YES;
				INFOPLIST_KEY_UIApplicationSceneManifest_Generation = YES;
				INFOPLIST_KEY_UIApplicationSupportsIndirectInputEvents = YES;
				INFOPLIST_KEY_UILaunchScreen_Generation = YES;
				INFOPLIST_KEY_UISupportedInterfaceOrientations_iPad = "UIInterfaceOrientationPortrait UIInterfaceOrientationPortraitUpsideDown UIInterfaceOrientationLandscapeLeft UIInterfaceOrientationLandscapeRight";
				INFOPLIST_KEY_UISupportedInterfaceOrientations_iPhone = "UIInterfaceOrientationPortrait UIInterfaceOrientationLandscapeLeft UIInterfaceOrientationLandscapeRight";
				LD_RUNPATH_SEARCH_PATHS = (
					"$(inherited)",
					"@executable_path/Frameworks",
				);
				MARKETING_VERSION = 1.0;
				PRODUCT_BUNDLE_IDENTIFIER = "a.reverb-tool";
				PRODUCT_NAME = "$(TARGET_NAME)";
				SWIFT_EMIT_LOC_STRINGS = YES;
				SWIFT_VERSION = 5.0;
				TARGETED_DEVICE_FAMILY = "1,2";
			};
			name = Release;
		};
		11AA5655300BA72100382091 /* Debug */ = {
			isa = XCBuildConfiguration;
			buildSettings = {
				BUNDLE_LOADER = "$(TEST_HOST)";
				CODE_SIGN_STYLE = Automatic;
				CURRENT_PROJECT_VERSION = 1;
				GENERATE_INFOPLIST_FILE = YES;
				IPHONEOS_DEPLOYMENT_TARGET = 18.4;
				MARKETING_VERSION = 1.0;
				PRODUCT_BUNDLE_IDENTIFIER = "a.reverb-toolTests";
				PRODUCT_NAME = "$(TARGET_NAME)";
				SWIFT_EMIT_LOC_STRINGS = NO;
				SWIFT_VERSION = 5.0;
				TARGETED_DEVICE_FAMILY = "1,2";
				TEST_HOST = "$(BUILT_PRODUCTS_DIR)/reverb_tool.app/$(BUNDLE_EXECUTABLE_FOLDER_PATH)/reverb_tool";
			};
			name = Debug;
		};
		11AA5656300BA72100382091 /* Release */ = {
			isa = XCBuildConfiguration;
			buildSettings = {
				BUNDLE_LOADER = "$(TEST_HOST)";
				CODE_SIGN_STYLE = Automatic;
				CURRENT_PROJECT_VERSION = 1;
				GENERATE_INFOPLIST_FILE = YES;
				IPHONEOS_DEPLOYMENT_TARGET = 18.4;
				MARKETING_VERSION = 1.0;
				PRODUCT_BUNDLE_IDENTIFIER = "a.reverb-toolTests";
				PRODUCT_NAME = "$(TARGET_NAME)";
				SWIFT_EMIT_LOC_STRINGS = NO;
				SWIFT_VERSION = 5.0;
				TARGETED_DEVICE_FAMILY = "1,2";
				TEST_HOST = "$(BUILT_PRODUCTS_DIR)/reverb_tool.app/$(BUNDLE_EXECUTABLE_FOLDER_PATH)/reverb_tool";
			};
			name = Release;
		};
		11AA5658300BA72100382091 /* Debug */ = {
			isa = XCBuildConfiguration;
			buildSettings = {
				CODE_SIGN_STYLE = Automatic;
				CURRENT_PROJECT_VERSION = 1;
				GENERATE_INFOPLIST_FILE = YES;
				MARKETING_VERSION = 1.0;
				PRODUCT_BUNDLE_IDENTIFIER = "a.reverb-toolUITests";
				PRODUCT_NAME = "$(TARGET_NAME)";
				SWIFT_EMIT_LOC_STRINGS = NO;
				SWIFT_VERSION = 5.0;
				TARGETED_DEVICE_FAMILY = "1,2";
				TEST_TARGET_NAME = reverb_tool;
			};
			name = Debug;
		};
		11AA5659300BA72100382091 /* Release */ = {
			isa = XCBuildConfiguration;
			buildSettings = {
				CODE_SIGN_STYLE = Automatic;
				CURRENT_PROJECT_VERSION = 1;
				GENERATE_INFOPLIST_FILE = YES;
				MARKETING_VERSION = 1.0;
				PRODUCT_BUNDLE_IDENTIFIER = "a.reverb-toolUITests";
				PRODUCT_NAME = "$(TARGET_NAME)";
				SWIFT_EMIT_LOC_STRINGS = NO;
				SWIFT_VERSION = 5.0;
				TARGETED_DEVICE_FAMILY = "1,2";
				TEST_TARGET_NAME = reverb_tool;
			};
			name = Release;
		};
/* End XCBuildConfiguration section */

/* Begin XCConfigurationList section */
		11AA562B300BA72000382091 /* Build configuration list for PBXProject "reverb_tool" */ = {
			isa = XCConfigurationList;
			buildConfigurations = (
				11AA564F300BA72100382091 /* Debug */,
				11AA5650300BA72100382091 /* Release */,
			);
			defaultConfigurationIsVisible = 0;
			defaultConfigurationName = Release;
		};
		11AA5651300BA72100382091 /* Build configuration list for PBXNativeTarget "reverb_tool" */ = {
			isa = XCConfigurationList;
			buildConfigurations = (
				11AA5652300BA72100382091 /* Debug */,
				11AA5653300BA72100382091 /* Release */,
			);
			defaultConfigurationIsVisible = 0;
			defaultConfigurationName = Release;
		};
		11AA5654300BA72100382091 /* Build configuration list for PBXNativeTarget "reverb_toolTests" */ = {
			isa = XCConfigurationList;
			buildConfigurations = (
				11AA5655300BA72100382091 /* Debug */,
				11AA5656300BA72100382091 /* Release */,
			);
			defaultConfigurationIsVisible = 0;
			defaultConfigurationName = Release;
		};
		11AA5657300BA72100382091 /* Build configuration list for PBXNativeTarget "reverb_toolUITests" */ = {
			isa = XCConfigurationList;
			buildConfigurations = (
				11AA5658300BA72100382091 /* Debug */,
				11AA5659300BA72100382091 /* Release */,
			);
			defaultConfigurationIsVisible = 0;
			defaultConfigurationName = Release;
		};
/* End XCConfigurationList section */
	};
	rootObject = 11AA5628300BA72000382091 /* Project object */;
}
